// !$*UTF8*$!
{
	archiveVersion = 1;
	classes = {
	};
	objectVersion = 46;
	objects = {

/* Begin PBXBuildFile section */
		9015A2BC1D0DE03D00AC728E /* DriverModuleInfo.m in Sources */ = {isa = PBXBuildFile; fileRef = 9015A2BB1D0DE03D00AC728E /* DriverModuleInfo.m */; };
		9015A2BF1D0DE32600AC728E /* DriverModuleDataSource.m in Sources */ = {isa = PBXBuildFile; fileRef = 9015A2BE1D0DE32600AC728E /* DriverModuleDataSource.m */; };
		9015A2C21D0DE69700AC728E /* DevicesDataSource.m in Sources */ = {isa = PBXBuildFile; fileRef = 9015A2C11D0DE69700AC728E /* DevicesDataSource.m */; };
		9015A2C51D0DED2B00AC728E /* DevicesTableViewController.m in Sources */ = {isa = PBXBuildFile; fileRef = 9015A2C41D0DED2B00AC728E /* DevicesTableViewController.m */; };
		90341E79189E83290078FFDB /* DeviceListController.m in Sources */ = {isa = PBXBuildFile; fileRef = 90341E78189E83290078FFDB /* DeviceListController.m */; };
		9041D7EF1CF9E79D008AB9DA /* InstrumentsViewController.m in Sources */ = {isa = PBXBuildFile; fileRef = 9041D7EE1CF9E79D008AB9DA /* InstrumentsViewController.m */; };
		9041D7F21CF9EDA9008AB9DA /* instruments.ice in Sources */ = {isa = PBXBuildFile; fileRef = 9041D7F11CF9EDA9008AB9DA /* instruments.ice */; };
		9041D7F41CF9EDBD008AB9DA /* focusing.ice in Sources */ = {isa = PBXBuildFile; fileRef = 9041D7F31CF9EDBD008AB9DA /* focusing.ice */; };
		9041D7F61CF9EDC7008AB9DA /* repository.ice in Sources */ = {isa = PBXBuildFile; fileRef = 9041D7F51CF9EDC7008AB9DA /* repository.ice */; };
		904A8FC9189E93E200C6F1FB /* BinningController.m in Sources */ = {isa = PBXBuildFile; fileRef = 904A8FC8189E93E200C6F1FB /* BinningController.m */; };
		904A8FCC189EA40300C6F1FB /* CcdSelectionController.m in Sources */ = {isa = PBXBuildFile; fileRef = 904A8FCB189EA40300C6F1FB /* CcdSelectionController.m */; };
		904E80D21CF61B63001CAF16 /* ServerInfo.m in Sources */ = {isa = PBXBuildFile; fileRef = 904E80D11CF61B63001CAF16 /* ServerInfo.m */; };
		904E80D51CF61E5B001CAF16 /* ServerDataSource.m in Sources */ = {isa = PBXBuildFile; fileRef = 904E80D41CF61E5B001CAF16 /* ServerDataSource.m */; };
		904E80D81CF62931001CAF16 /* Discover.m in Sources */ = {isa = PBXBuildFile; fileRef = 904E80D71CF62931001CAF16 /* Discover.m */; };
		905C17541CF8FCB0006E272F /* ServerTableViewDataSource.m in Sources */ = {isa = PBXBuildFile; fileRef = 905C17531CF8FCB0006E272F /* ServerTableViewDataSource.m */; };
		90751B1D189BFCC700031C9D /* Foundation.framework in Frameworks */ = {isa = PBXBuildFile; fileRef = 90751B1C189BFCC700031C9D /* Foundation.framework */; };
		90751B1F189BFCC700031C9D /* CoreGraphics.framework in Frameworks */ = {isa = PBXBuildFile; fileRef = 90751B1E189BFCC700031C9D /* CoreGraphics.framework */; };
		90751B21189BFCC700031C9D /* UIKit.framework in Frameworks */ = {isa = PBXBuildFile; fileRef = 90751B20189BFCC700031C9D /* UIKit.framework */; };
		90751B27189BFCC800031C9D /* InfoPlist.strings in Resources */ = {isa = PBXBuildFile; fileRef = 90751B25189BFCC800031C9D /* InfoPlist.strings */; };
		90751B29189BFCC800031C9D /* main.m in Sources */ = {isa = PBXBuildFile; fileRef = 90751B28189BFCC800031C9D /* main.m */; };
		90751B2D189BFCC800031C9D /* AppDelegate.m in Sources */ = {isa = PBXBuildFile; fileRef = 90751B2C189BFCC800031C9D /* AppDelegate.m */; };
		90751B30189BFCC800031C9D /* Main.storyboard in Resources */ = {isa = PBXBuildFile; fileRef = 90751B2E189BFCC800031C9D /* Main.storyboard */; };
		90751B33189BFCC800031C9D /* FirstViewController.m in Sources */ = {isa = PBXBuildFile; fileRef = 90751B32189BFCC800031C9D /* FirstViewController.m */; };
		90751B36189BFCC800031C9D /* SecondViewController.m in Sources */ = {isa = PBXBuildFile; fileRef = 90751B35189BFCC800031C9D /* SecondViewController.m */; };
		90751B38189BFCC800031C9D /* Images.xcassets in Resources */ = {isa = PBXBuildFile; fileRef = 90751B37189BFCC800031C9D /* Images.xcassets */; };
		90751B3F189BFCC800031C9D /* XCTest.framework in Frameworks */ = {isa = PBXBuildFile; fileRef = 90751B3E189BFCC800031C9D /* XCTest.framework */; };
		90751B40189BFCC800031C9D /* Foundation.framework in Frameworks */ = {isa = PBXBuildFile; fileRef = 90751B1C189BFCC700031C9D /* Foundation.framework */; };
		90751B41189BFCC800031C9D /* UIKit.framework in Frameworks */ = {isa = PBXBuildFile; fileRef = 90751B20189BFCC700031C9D /* UIKit.framework */; };
		90751B49189BFCC800031C9D /* InfoPlist.strings in Resources */ = {isa = PBXBuildFile; fileRef = 90751B47189BFCC800031C9D /* InfoPlist.strings */; };
		90751B4B189BFCC800031C9D /* IceStarTests.m in Sources */ = {isa = PBXBuildFile; fileRef = 90751B4A189BFCC800031C9D /* IceStarTests.m */; };
		90751B5B189C000400031C9D /* camera.ice in Sources */ = {isa = PBXBuildFile; fileRef = 90751B54189C000400031C9D /* camera.ice */; };
		90751B5C189C000400031C9D /* exceptions.ice in Sources */ = {isa = PBXBuildFile; fileRef = 90751B55189C000400031C9D /* exceptions.ice */; };
		90751B5D189C000400031C9D /* guider.ice in Sources */ = {isa = PBXBuildFile; fileRef = 90751B56189C000400031C9D /* guider.ice */; };
		90751B5E189C000400031C9D /* image.ice in Sources */ = {isa = PBXBuildFile; fileRef = 90751B57189C000400031C9D /* image.ice */; };
		90751B60189C000400031C9D /* tasks.ice in Sources */ = {isa = PBXBuildFile; fileRef = 90751B59189C000400031C9D /* tasks.ice */; };
		90751B61189C000400031C9D /* types.ice in Sources */ = {isa = PBXBuildFile; fileRef = 90751B5A189C000400031C9D /* types.ice */; };
		90751B63189C02C100031C9D /* CFNetwork.framework in Frameworks */ = {isa = PBXBuildFile; fileRef = 90751B62189C02C100031C9D /* CFNetwork.framework */; };
		90751B65189C02D000031C9D /* Security.framework in Frameworks */ = {isa = PBXBuildFile; fileRef = 90751B64189C02D000031C9D /* Security.framework */; };
		90751B67189C02E100031C9D /* ExternalAccessory.framework in Frameworks */ = {isa = PBXBuildFile; fileRef = 90751B66189C02E100031C9D /* ExternalAccessory.framework */; };
		90751B69189E695D00031C9D /* device.ice in Sources */ = {isa = PBXBuildFile; fileRef = 90751B68189E695D00031C9D /* device.ice */; };
		90751B6C189E739F00031C9D /* Connection.m in Sources */ = {isa = PBXBuildFile; fileRef = 90751B6B189E739F00031C9D /* Connection.m */; };
		90751B70189E7D5500031C9D /* Settings.bundle in Resources */ = {isa = PBXBuildFile; fileRef = 90751B6F189E7D5500031C9D /* Settings.bundle */; };
		90DA240C1CF9AA7300EE3AAB /* ServiceCell.m in Sources */ = {isa = PBXBuildFile; fileRef = 90DA240B1CF9AA7300EE3AAB /* ServiceCell.m */; };
		90DA240F1CF9B9CF00EE3AAB /* ServiceTableViewController.m in Sources */ = {isa = PBXBuildFile; fileRef = 90DA240E1CF9B9CF00EE3AAB /* ServiceTableViewController.m */; };
		90F22F341CFA221E00C1270A /* InstrumentsServiceController.m in Sources */ = {isa = PBXBuildFile; fileRef = 90F22F331CFA221E00C1270A /* InstrumentsServiceController.m */; };
/* End PBXBuildFile section */

/* Begin PBXContainerItemProxy section */
		90751B42189BFCC800031C9D /* PBXContainerItemProxy */ = {
			isa = PBXContainerItemProxy;
			containerPortal = 90751B11189BFCC700031C9D /* Project object */;
			proxyType = 1;
			remoteGlobalIDString = 90751B18189BFCC700031C9D;
			remoteInfo = IceStar;
		};
/* End PBXContainerItemProxy section */

/* Begin PBXFileReference section */
		9015A2BA1D0DE03D00AC728E /* DriverModuleInfo.h */ = {isa = PBXFileReference; fileEncoding = 4; lastKnownFileType = sourcecode.c.h; path = DriverModuleInfo.h; sourceTree = "<group>"; };
		9015A2BB1D0DE03D00AC728E /* DriverModuleInfo.m */ = {isa = PBXFileReference; fileEncoding = 4; lastKnownFileType = sourcecode.c.objc; path = DriverModuleInfo.m; sourceTree = "<group>"; };
		9015A2BD1D0DE32600AC728E /* DriverModuleDataSource.h */ = {isa = PBXFileReference; fileEncoding = 4; lastKnownFileType = sourcecode.c.h; path = DriverModuleDataSource.h; sourceTree = "<group>"; };
		9015A2BE1D0DE32600AC728E /* DriverModuleDataSource.m */ = {isa = PBXFileReference; fileEncoding = 4; lastKnownFileType = sourcecode.c.objc; path = DriverModuleDataSource.m; sourceTree = "<group>"; };
		9015A2C01D0DE69700AC728E /* DevicesDataSource.h */ = {isa = PBXFileReference; fileEncoding = 4; lastKnownFileType = sourcecode.c.h; path = DevicesDataSource.h; sourceTree = "<group>"; };
		9015A2C11D0DE69700AC728E /* DevicesDataSource.m */ = {isa = PBXFileReference; fileEncoding = 4; lastKnownFileType = sourcecode.c.objc; path = DevicesDataSource.m; sourceTree = "<group>"; };
		9015A2C31D0DED2B00AC728E /* DevicesTableViewController.h */ = {isa = PBXFileReference; fileEncoding = 4; lastKnownFileType = sourcecode.c.h; path = DevicesTableViewController.h; sourceTree = "<group>"; };
		9015A2C41D0DED2B00AC728E /* DevicesTableViewController.m */ = {isa = PBXFileReference; fileEncoding = 4; lastKnownFileType = sourcecode.c.objc; path = DevicesTableViewController.m; sourceTree = "<group>"; };
		90341E77189E83290078FFDB /* DeviceListController.h */ = {isa = PBXFileReference; fileEncoding = 4; lastKnownFileType = sourcecode.c.h; path = DeviceListController.h; sourceTree = "<group>"; };
		90341E78189E83290078FFDB /* DeviceListController.m */ = {isa = PBXFileReference; fileEncoding = 4; lastKnownFileType = sourcecode.c.objc; path = DeviceListController.m; sourceTree = "<group>"; };
		9041D7ED1CF9E79D008AB9DA /* InstrumentsViewController.h */ = {isa = PBXFileReference; fileEncoding = 4; lastKnownFileType = sourcecode.c.h; path = InstrumentsViewController.h; sourceTree = "<group>"; };
		9041D7EE1CF9E79D008AB9DA /* InstrumentsViewController.m */ = {isa = PBXFileReference; fileEncoding = 4; lastKnownFileType = sourcecode.c.objc; path = InstrumentsViewController.m; sourceTree = "<group>"; };
		9041D7F11CF9EDA9008AB9DA /* instruments.ice */ = {isa = PBXFileReference; fileEncoding = 4; lastKnownFileType = sourcecode.slice; path = instruments.ice; sourceTree = "<group>"; };
		9041D7F31CF9EDBD008AB9DA /* focusing.ice */ = {isa = PBXFileReference; fileEncoding = 4; lastKnownFileType = sourcecode.slice; path = focusing.ice; sourceTree = "<group>"; };
		9041D7F51CF9EDC7008AB9DA /* repository.ice */ = {isa = PBXFileReference; fileEncoding = 4; lastKnownFileType = sourcecode.slice; path = repository.ice; sourceTree = "<group>"; };
		904786461CF0DC3A00961105 /* iphoneos.sdk */ = {isa = PBXFileReference; lastKnownFileType = folder; name = iphoneos.sdk; path = "../../../../../../Library/Developer/IceTouch-1.3.2/SDKs/ObjC/iphoneos.sdk"; sourceTree = "<group>"; };
		904A8FC7189E93E200C6F1FB /* BinningController.h */ = {isa = PBXFileReference; fileEncoding = 4; lastKnownFileType = sourcecode.c.h; path = BinningController.h; sourceTree = "<group>"; };
		904A8FC8189E93E200C6F1FB /* BinningController.m */ = {isa = PBXFileReference; fileEncoding = 4; lastKnownFileType = sourcecode.c.objc; path = BinningController.m; sourceTree = "<group>"; };
		904A8FCA189EA40300C6F1FB /* CcdSelectionController.h */ = {isa = PBXFileReference; fileEncoding = 4; lastKnownFileType = sourcecode.c.h; path = CcdSelectionController.h; sourceTree = "<group>"; };
		904A8FCB189EA40300C6F1FB /* CcdSelectionController.m */ = {isa = PBXFileReference; fileEncoding = 4; lastKnownFileType = sourcecode.c.objc; path = CcdSelectionController.m; sourceTree = "<group>"; };
		904E80D01CF61B63001CAF16 /* ServerInfo.h */ = {isa = PBXFileReference; fileEncoding = 4; lastKnownFileType = sourcecode.c.h; path = ServerInfo.h; sourceTree = "<group>"; };
		904E80D11CF61B63001CAF16 /* ServerInfo.m */ = {isa = PBXFileReference; fileEncoding = 4; lastKnownFileType = sourcecode.c.objc; path = ServerInfo.m; sourceTree = "<group>"; };
		904E80D31CF61E5B001CAF16 /* ServerDataSource.h */ = {isa = PBXFileReference; fileEncoding = 4; lastKnownFileType = sourcecode.c.h; path = ServerDataSource.h; sourceTree = "<group>"; };
		904E80D41CF61E5B001CAF16 /* ServerDataSource.m */ = {isa = PBXFileReference; fileEncoding = 4; lastKnownFileType = sourcecode.c.objc; path = ServerDataSource.m; sourceTree = "<group>"; };
		904E80D61CF62931001CAF16 /* Discover.h */ = {isa = PBXFileReference; fileEncoding = 4; lastKnownFileType = sourcecode.c.h; path = Discover.h; sourceTree = "<group>"; };
		904E80D71CF62931001CAF16 /* Discover.m */ = {isa = PBXFileReference; fileEncoding = 4; lastKnownFileType = sourcecode.c.objc; path = Discover.m; sourceTree = "<group>"; };
		905C17521CF8FCB0006E272F /* ServerTableViewDataSource.h */ = {isa = PBXFileReference; fileEncoding = 4; lastKnownFileType = sourcecode.c.h; name = ServerTableViewDataSource.h; path = ../ServerTableViewDataSource.h; sourceTree = "<group>"; };
		905C17531CF8FCB0006E272F /* ServerTableViewDataSource.m */ = {isa = PBXFileReference; fileEncoding = 4; lastKnownFileType = sourcecode.c.objc; name = ServerTableViewDataSource.m; path = ../ServerTableViewDataSource.m; sourceTree = "<group>"; };
		90751B19189BFCC700031C9D /* IceStar.app */ = {isa = PBXFileReference; explicitFileType = wrapper.application; includeInIndex = 0; path = IceStar.app; sourceTree = BUILT_PRODUCTS_DIR; };
		90751B1C189BFCC700031C9D /* Foundation.framework */ = {isa = PBXFileReference; lastKnownFileType = wrapper.framework; name = Foundation.framework; path = System/Library/Frameworks/Foundation.framework; sourceTree = SDKROOT; };
		90751B1E189BFCC700031C9D /* CoreGraphics.framework */ = {isa = PBXFileReference; lastKnownFileType = wrapper.framework; name = CoreGraphics.framework; path = System/Library/Frameworks/CoreGraphics.framework; sourceTree = SDKROOT; };
		90751B20189BFCC700031C9D /* UIKit.framework */ = {isa = PBXFileReference; lastKnownFileType = wrapper.framework; name = UIKit.framework; path = System/Library/Frameworks/UIKit.framework; sourceTree = SDKROOT; };
		90751B24189BFCC800031C9D /* IceStar-Info.plist */ = {isa = PBXFileReference; lastKnownFileType = text.plist.xml; path = "IceStar-Info.plist"; sourceTree = "<group>"; };
		90751B26189BFCC800031C9D /* en */ = {isa = PBXFileReference; lastKnownFileType = text.plist.strings; name = en; path = en.lproj/InfoPlist.strings; sourceTree = "<group>"; };
		90751B28189BFCC800031C9D /* main.m */ = {isa = PBXFileReference; lastKnownFileType = sourcecode.c.objc; path = main.m; sourceTree = "<group>"; };
		90751B2A189BFCC800031C9D /* IceStar-Prefix.pch */ = {isa = PBXFileReference; lastKnownFileType = sourcecode.c.h; path = "IceStar-Prefix.pch"; sourceTree = "<group>"; };
		90751B2B189BFCC800031C9D /* AppDelegate.h */ = {isa = PBXFileReference; lastKnownFileType = sourcecode.c.h; path = AppDelegate.h; sourceTree = "<group>"; };
		90751B2C189BFCC800031C9D /* AppDelegate.m */ = {isa = PBXFileReference; lastKnownFileType = sourcecode.c.objc; path = AppDelegate.m; sourceTree = "<group>"; };
		90751B2F189BFCC800031C9D /* Base */ = {isa = PBXFileReference; lastKnownFileType = file.storyboard; name = Base; path = Base.lproj/Main.storyboard; sourceTree = "<group>"; };
		90751B31189BFCC800031C9D /* FirstViewController.h */ = {isa = PBXFileReference; lastKnownFileType = sourcecode.c.h; path = FirstViewController.h; sourceTree = "<group>"; };
		90751B32189BFCC800031C9D /* FirstViewController.m */ = {isa = PBXFileReference; lastKnownFileType = sourcecode.c.objc; path = FirstViewController.m; sourceTree = "<group>"; };
		90751B34189BFCC800031C9D /* SecondViewController.h */ = {isa = PBXFileReference; lastKnownFileType = sourcecode.c.h; path = SecondViewController.h; sourceTree = "<group>"; };
		90751B35189BFCC800031C9D /* SecondViewController.m */ = {isa = PBXFileReference; lastKnownFileType = sourcecode.c.objc; path = SecondViewController.m; sourceTree = "<group>"; };
		90751B37189BFCC800031C9D /* Images.xcassets */ = {isa = PBXFileReference; lastKnownFileType = folder.assetcatalog; path = Images.xcassets; sourceTree = "<group>"; };
		90751B3D189BFCC800031C9D /* IceStarTests.xctest */ = {isa = PBXFileReference; explicitFileType = wrapper.cfbundle; includeInIndex = 0; path = IceStarTests.xctest; sourceTree = BUILT_PRODUCTS_DIR; };
		90751B3E189BFCC800031C9D /* XCTest.framework */ = {isa = PBXFileReference; lastKnownFileType = wrapper.framework; name = XCTest.framework; path = Library/Frameworks/XCTest.framework; sourceTree = DEVELOPER_DIR; };
		90751B46189BFCC800031C9D /* IceStarTests-Info.plist */ = {isa = PBXFileReference; lastKnownFileType = text.plist.xml; path = "IceStarTests-Info.plist"; sourceTree = "<group>"; };
		90751B48189BFCC800031C9D /* en */ = {isa = PBXFileReference; lastKnownFileType = text.plist.strings; name = en; path = en.lproj/InfoPlist.strings; sourceTree = "<group>"; };
		90751B4A189BFCC800031C9D /* IceStarTests.m */ = {isa = PBXFileReference; lastKnownFileType = sourcecode.c.objc; path = IceStarTests.m; sourceTree = "<group>"; };
		90751B54189C000400031C9D /* camera.ice */ = {isa = PBXFileReference; fileEncoding = 4; lastKnownFileType = sourcecode.slice; path = camera.ice; sourceTree = "<group>"; };
		90751B55189C000400031C9D /* exceptions.ice */ = {isa = PBXFileReference; fileEncoding = 4; lastKnownFileType = sourcecode.slice; path = exceptions.ice; sourceTree = "<group>"; };
		90751B56189C000400031C9D /* guider.ice */ = {isa = PBXFileReference; fileEncoding = 4; lastKnownFileType = sourcecode.slice; path = guider.ice; sourceTree = "<group>"; };
		90751B57189C000400031C9D /* image.ice */ = {isa = PBXFileReference; fileEncoding = 4; lastKnownFileType = sourcecode.slice; path = image.ice; sourceTree = "<group>"; };
		90751B59189C000400031C9D /* tasks.ice */ = {isa = PBXFileReference; fileEncoding = 4; lastKnownFileType = sourcecode.slice; path = tasks.ice; sourceTree = "<group>"; };
		90751B5A189C000400031C9D /* types.ice */ = {isa = PBXFileReference; fileEncoding = 4; lastKnownFileType = sourcecode.slice; path = types.ice; sourceTree = "<group>"; };
		90751B62189C02C100031C9D /* CFNetwork.framework */ = {isa = PBXFileReference; lastKnownFileType = wrapper.framework; name = CFNetwork.framework; path = System/Library/Frameworks/CFNetwork.framework; sourceTree = SDKROOT; };
		90751B64189C02D000031C9D /* Security.framework */ = {isa = PBXFileReference; lastKnownFileType = wrapper.framework; name = Security.framework; path = System/Library/Frameworks/Security.framework; sourceTree = SDKROOT; };
		90751B66189C02E100031C9D /* ExternalAccessory.framework */ = {isa = PBXFileReference; lastKnownFileType = wrapper.framework; name = ExternalAccessory.framework; path = System/Library/Frameworks/ExternalAccessory.framework; sourceTree = SDKROOT; };
		90751B68189E695D00031C9D /* device.ice */ = {isa = PBXFileReference; fileEncoding = 4; lastKnownFileType = sourcecode.slice; path = device.ice; sourceTree = "<group>"; };
		90751B6A189E739F00031C9D /* Connection.h */ = {isa = PBXFileReference; fileEncoding = 4; lastKnownFileType = sourcecode.c.h; path = Connection.h; sourceTree = "<group>"; };
		90751B6B189E739F00031C9D /* Connection.m */ = {isa = PBXFileReference; fileEncoding = 4; lastKnownFileType = sourcecode.c.objc; path = Connection.m; sourceTree = "<group>"; };
		90751B6F189E7D5500031C9D /* Settings.bundle */ = {isa = PBXFileReference; lastKnownFileType = "wrapper.plug-in"; path = Settings.bundle; sourceTree = "<group>"; };
		90DA240A1CF9AA7300EE3AAB /* ServiceCell.h */ = {isa = PBXFileReference; fileEncoding = 4; lastKnownFileType = sourcecode.c.h; path = ServiceCell.h; sourceTree = "<group>"; };
		90DA240B1CF9AA7300EE3AAB /* ServiceCell.m */ = {isa = PBXFileReference; fileEncoding = 4; lastKnownFileType = sourcecode.c.objc; path = ServiceCell.m; sourceTree = "<group>"; };
		90DA240D1CF9B9CF00EE3AAB /* ServiceTableViewController.h */ = {isa = PBXFileReference; fileEncoding = 4; lastKnownFileType = sourcecode.c.h; path = ServiceTableViewController.h; sourceTree = "<group>"; };
		90DA240E1CF9B9CF00EE3AAB /* ServiceTableViewController.m */ = {isa = PBXFileReference; fileEncoding = 4; lastKnownFileType = sourcecode.c.objc; path = ServiceTableViewController.m; sourceTree = "<group>"; };
		90F22F321CFA221E00C1270A /* InstrumentsServiceController.h */ = {isa = PBXFileReference; fileEncoding = 4; lastKnownFileType = sourcecode.c.h; path = InstrumentsServiceController.h; sourceTree = "<group>"; };
		90F22F331CFA221E00C1270A /* InstrumentsServiceController.m */ = {isa = PBXFileReference; fileEncoding = 4; lastKnownFileType = sourcecode.c.objc; path = InstrumentsServiceController.m; sourceTree = "<group>"; };
/* End PBXFileReference section */

/* Begin PBXFrameworksBuildPhase section */
		90751B16189BFCC700031C9D /* Frameworks */ = {
			isa = PBXFrameworksBuildPhase;
			buildActionMask = 2147483647;
			files = (
				90751B67189C02E100031C9D /* ExternalAccessory.framework in Frameworks */,
				90751B65189C02D000031C9D /* Security.framework in Frameworks */,
				90751B63189C02C100031C9D /* CFNetwork.framework in Frameworks */,
				90751B1F189BFCC700031C9D /* CoreGraphics.framework in Frameworks */,
				90751B21189BFCC700031C9D /* UIKit.framework in Frameworks */,
				90751B1D189BFCC700031C9D /* Foundation.framework in Frameworks */,
			);
			runOnlyForDeploymentPostprocessing = 0;
		};
		90751B3A189BFCC800031C9D /* Frameworks */ = {
			isa = PBXFrameworksBuildPhase;
			buildActionMask = 2147483647;
			files = (
				90751B3F189BFCC800031C9D /* XCTest.framework in Frameworks */,
				90751B41189BFCC800031C9D /* UIKit.framework in Frameworks */,
				90751B40189BFCC800031C9D /* Foundation.framework in Frameworks */,
			);
			runOnlyForDeploymentPostprocessing = 0;
		};
/* End PBXFrameworksBuildPhase section */

/* Begin PBXGroup section */
		9015A2B91D0DDF2C00AC728E /* Modules */ = {
			isa = PBXGroup;
			children = (
				9015A2BA1D0DE03D00AC728E /* DriverModuleInfo.h */,
				9015A2BB1D0DE03D00AC728E /* DriverModuleInfo.m */,
				9015A2BD1D0DE32600AC728E /* DriverModuleDataSource.h */,
				9015A2BE1D0DE32600AC728E /* DriverModuleDataSource.m */,
				9015A2C01D0DE69700AC728E /* DevicesDataSource.h */,
				9015A2C11D0DE69700AC728E /* DevicesDataSource.m */,
				9015A2C31D0DED2B00AC728E /* DevicesTableViewController.h */,
				9015A2C41D0DED2B00AC728E /* DevicesTableViewController.m */,
			);
			name = Modules;
			sourceTree = "<group>";
		};
		9041D7EC1CF9E67A008AB9DA /* Instruments */ = {
			isa = PBXGroup;
			children = (
				9041D7ED1CF9E79D008AB9DA /* InstrumentsViewController.h */,
				9041D7EE1CF9E79D008AB9DA /* InstrumentsViewController.m */,
				90F22F321CFA221E00C1270A /* InstrumentsServiceController.h */,
				90F22F331CFA221E00C1270A /* InstrumentsServiceController.m */,
			);
			name = Instruments;
			sourceTree = "<group>";
		};
		9041D7F01CF9ECA1008AB9DA /* ICE Interface */ = {
			isa = PBXGroup;
			children = (
				9041D7F51CF9EDC7008AB9DA /* repository.ice */,
				9041D7F31CF9EDBD008AB9DA /* focusing.ice */,
				9041D7F11CF9EDA9008AB9DA /* instruments.ice */,
				90751B68189E695D00031C9D /* device.ice */,
				90751B54189C000400031C9D /* camera.ice */,
				90751B55189C000400031C9D /* exceptions.ice */,
				90751B56189C000400031C9D /* guider.ice */,
				90751B57189C000400031C9D /* image.ice */,
				90751B59189C000400031C9D /* tasks.ice */,
				90751B5A189C000400031C9D /* types.ice */,
			);
			name = "ICE Interface";
			sourceTree = "<group>";
		};
		904E80CF1CF61ACA001CAF16 /* Discovery */ = {
			isa = PBXGroup;
			children = (
				904E80D01CF61B63001CAF16 /* ServerInfo.h */,
				904E80D11CF61B63001CAF16 /* ServerInfo.m */,
				904E80D31CF61E5B001CAF16 /* ServerDataSource.h */,
				904E80D41CF61E5B001CAF16 /* ServerDataSource.m */,
				904E80D61CF62931001CAF16 /* Discover.h */,
				904E80D71CF62931001CAF16 /* Discover.m */,
				905C17521CF8FCB0006E272F /* ServerTableViewDataSource.h */,
				905C17531CF8FCB0006E272F /* ServerTableViewDataSource.m */,
				90DA240A1CF9AA7300EE3AAB /* ServiceCell.h */,
				90DA240B1CF9AA7300EE3AAB /* ServiceCell.m */,
				90DA240D1CF9B9CF00EE3AAB /* ServiceTableViewController.h */,
				90DA240E1CF9B9CF00EE3AAB /* ServiceTableViewController.m */,
			);
			name = Discovery;
			sourceTree = "<group>";
		};
		90751B10189BFCC700031C9D = {
			isa = PBXGroup;
			children = (
				90751B22189BFCC700031C9D /* IceStar */,
				90751B44189BFCC800031C9D /* IceStarTests */,
				90751B1B189BFCC700031C9D /* Frameworks */,
				90751B1A189BFCC700031C9D /* Products */,
			);
			sourceTree = "<group>";
		};
		90751B1A189BFCC700031C9D /* Products */ = {
			isa = PBXGroup;
			children = (
				90751B19189BFCC700031C9D /* IceStar.app */,
				90751B3D189BFCC800031C9D /* IceStarTests.xctest */,
			);
			name = Products;
			sourceTree = "<group>";
		};
		90751B1B189BFCC700031C9D /* Frameworks */ = {
			isa = PBXGroup;
			children = (
				904786461CF0DC3A00961105 /* iphoneos.sdk */,
				90751B66189C02E100031C9D /* ExternalAccessory.framework */,
				90751B64189C02D000031C9D /* Security.framework */,
				90751B62189C02C100031C9D /* CFNetwork.framework */,
				90751B1C189BFCC700031C9D /* Foundation.framework */,
				90751B1E189BFCC700031C9D /* CoreGraphics.framework */,
				90751B20189BFCC700031C9D /* UIKit.framework */,
				90751B3E189BFCC800031C9D /* XCTest.framework */,
			);
			name = Frameworks;
			sourceTree = "<group>";
		};
		90751B22189BFCC700031C9D /* IceStar */ = {
			isa = PBXGroup;
			children = (
				9015A2B91D0DDF2C00AC728E /* Modules */,
				9041D7F01CF9ECA1008AB9DA /* ICE Interface */,
				9041D7EC1CF9E67A008AB9DA /* Instruments */,
				904E80CF1CF61ACA001CAF16 /* Discovery */,
				90751B2B189BFCC800031C9D /* AppDelegate.h */,
				90751B2C189BFCC800031C9D /* AppDelegate.m */,
				90751B2E189BFCC800031C9D /* Main.storyboard */,
				90751B31189BFCC800031C9D /* FirstViewController.h */,
				90751B32189BFCC800031C9D /* FirstViewController.m */,
				90751B34189BFCC800031C9D /* SecondViewController.h */,
				90751B35189BFCC800031C9D /* SecondViewController.m */,
				90751B37189BFCC800031C9D /* Images.xcassets */,
				90751B23189BFCC700031C9D /* Supporting Files */,
				90751B6A189E739F00031C9D /* Connection.h */,
				90751B6B189E739F00031C9D /* Connection.m */,
				90751B6F189E7D5500031C9D /* Settings.bundle */,
				90341E77189E83290078FFDB /* DeviceListController.h */,
				90341E78189E83290078FFDB /* DeviceListController.m */,
				904A8FC7189E93E200C6F1FB /* BinningController.h */,
				904A8FC8189E93E200C6F1FB /* BinningController.m */,
				904A8FCA189EA40300C6F1FB /* CcdSelectionController.h */,
				904A8FCB189EA40300C6F1FB /* CcdSelectionController.m */,
			);
			path = IceStar;
			sourceTree = "<group>";
		};
		90751B23189BFCC700031C9D /* Supporting Files */ = {
			isa = PBXGroup;
			children = (
				90751B24189BFCC800031C9D /* IceStar-Info.plist */,
				90751B25189BFCC800031C9D /* InfoPlist.strings */,
				90751B28189BFCC800031C9D /* main.m */,
				90751B2A189BFCC800031C9D /* IceStar-Prefix.pch */,
			);
			name = "Supporting Files";
			sourceTree = "<group>";
		};
		90751B44189BFCC800031C9D /* IceStarTests */ = {
			isa = PBXGroup;
			children = (
				90751B4A189BFCC800031C9D /* IceStarTests.m */,
				90751B45189BFCC800031C9D /* Supporting Files */,
			);
			path = IceStarTests;
			sourceTree = "<group>";
		};
		90751B45189BFCC800031C9D /* Supporting Files */ = {
			isa = PBXGroup;
			children = (
				90751B46189BFCC800031C9D /* IceStarTests-Info.plist */,
				90751B47189BFCC800031C9D /* InfoPlist.strings */,
			);
			name = "Supporting Files";
			sourceTree = "<group>";
		};
/* End PBXGroup section */

/* Begin PBXNativeTarget section */
		90751B18189BFCC700031C9D /* IceStar */ = {
			isa = PBXNativeTarget;
			buildConfigurationList = 90751B4E189BFCC800031C9D /* Build configuration list for PBXNativeTarget "IceStar" */;
			buildPhases = (
				90751B15189BFCC700031C9D /* Sources */,
				90751B16189BFCC700031C9D /* Frameworks */,
				90751B17189BFCC700031C9D /* Resources */,
			);
			buildRules = (
			);
			dependencies = (
			);
			name = IceStar;
			productName = IceStar;
			productReference = 90751B19189BFCC700031C9D /* IceStar.app */;
			productType = "com.apple.product-type.application";
		};
		90751B3C189BFCC800031C9D /* IceStarTests */ = {
			isa = PBXNativeTarget;
			buildConfigurationList = 90751B51189BFCC800031C9D /* Build configuration list for PBXNativeTarget "IceStarTests" */;
			buildPhases = (
				90751B39189BFCC800031C9D /* Sources */,
				90751B3A189BFCC800031C9D /* Frameworks */,
				90751B3B189BFCC800031C9D /* Resources */,
			);
			buildRules = (
			);
			dependencies = (
				90751B43189BFCC800031C9D /* PBXTargetDependency */,
			);
			name = IceStarTests;
			productName = IceStarTests;
			productReference = 90751B3D189BFCC800031C9D /* IceStarTests.xctest */;
			productType = "com.apple.product-type.bundle.unit-test";
		};
/* End PBXNativeTarget section */

/* Begin PBXProject section */
		90751B11189BFCC700031C9D /* Project object */ = {
			isa = PBXProject;
			attributes = {
				LastUpgradeCheck = 0720;
				ORGANIZATIONNAME = "Andreas Müller";
				TargetAttributes = {
					90751B3C189BFCC800031C9D = {
						TestTargetID = 90751B18189BFCC700031C9D;
					};
				};
			};
			buildConfigurationList = 90751B14189BFCC700031C9D /* Build configuration list for PBXProject "IceStar" */;
			compatibilityVersion = "Xcode 3.2";
			developmentRegion = English;
			hasScannedForEncodings = 0;
			knownRegions = (
				en,
				Base,
			);
			mainGroup = 90751B10189BFCC700031C9D;
			productRefGroup = 90751B1A189BFCC700031C9D /* Products */;
			projectDirPath = "";
			projectRoot = "";
			targets = (
				90751B18189BFCC700031C9D /* IceStar */,
				90751B3C189BFCC800031C9D /* IceStarTests */,
			);
		};
/* End PBXProject section */

/* Begin PBXResourcesBuildPhase section */
		90751B17189BFCC700031C9D /* Resources */ = {
			isa = PBXResourcesBuildPhase;
			buildActionMask = 2147483647;
			files = (
				90751B70189E7D5500031C9D /* Settings.bundle in Resources */,
				90751B38189BFCC800031C9D /* Images.xcassets in Resources */,
				90751B27189BFCC800031C9D /* InfoPlist.strings in Resources */,
				90751B30189BFCC800031C9D /* Main.storyboard in Resources */,
			);
			runOnlyForDeploymentPostprocessing = 0;
		};
		90751B3B189BFCC800031C9D /* Resources */ = {
			isa = PBXResourcesBuildPhase;
			buildActionMask = 2147483647;
			files = (
				90751B49189BFCC800031C9D /* InfoPlist.strings in Resources */,
			);
			runOnlyForDeploymentPostprocessing = 0;
		};
/* End PBXResourcesBuildPhase section */

/* Begin PBXSourcesBuildPhase section */
		90751B15189BFCC700031C9D /* Sources */ = {
			isa = PBXSourcesBuildPhase;
			buildActionMask = 2147483647;
			files = (
				9041D7F61CF9EDC7008AB9DA /* repository.ice in Sources */,
				90751B61189C000400031C9D /* types.ice in Sources */,
				90F22F341CFA221E00C1270A /* InstrumentsServiceController.m in Sources */,
				90341E79189E83290078FFDB /* DeviceListController.m in Sources */,
				9041D7F21CF9EDA9008AB9DA /* instruments.ice in Sources */,
				9015A2C51D0DED2B00AC728E /* DevicesTableViewController.m in Sources */,
				9015A2BC1D0DE03D00AC728E /* DriverModuleInfo.m in Sources */,
				90751B60189C000400031C9D /* tasks.ice in Sources */,
				90751B69189E695D00031C9D /* device.ice in Sources */,
				9015A2C21D0DE69700AC728E /* DevicesDataSource.m in Sources */,
				90751B36189BFCC800031C9D /* SecondViewController.m in Sources */,
				90DA240C1CF9AA7300EE3AAB /* ServiceCell.m in Sources */,
				90751B5C189C000400031C9D /* exceptions.ice in Sources */,
				90751B5D189C000400031C9D /* guider.ice in Sources */,
				9041D7F41CF9EDBD008AB9DA /* focusing.ice in Sources */,
				90DA240F1CF9B9CF00EE3AAB /* ServiceTableViewController.m in Sources */,
				9041D7EF1CF9E79D008AB9DA /* InstrumentsViewController.m in Sources */,
				90751B5E189C000400031C9D /* image.ice in Sources */,
				904A8FCC189EA40300C6F1FB /* CcdSelectionController.m in Sources */,
				90751B2D189BFCC800031C9D /* AppDelegate.m in Sources */,
				904E80D21CF61B63001CAF16 /* ServerInfo.m in Sources */,
				904A8FC9189E93E200C6F1FB /* BinningController.m in Sources */,
				9015A2BF1D0DE32600AC728E /* DriverModuleDataSource.m in Sources */,
				90751B33189BFCC800031C9D /* FirstViewController.m in Sources */,
				90751B29189BFCC800031C9D /* main.m in Sources */,
				904E80D51CF61E5B001CAF16 /* ServerDataSource.m in Sources */,
				90751B5B189C000400031C9D /* camera.ice in Sources */,
				904E80D81CF62931001CAF16 /* Discover.m in Sources */,
				90751B6C189E739F00031C9D /* Connection.m in Sources */,
				905C17541CF8FCB0006E272F /* ServerTableViewDataSource.m in Sources */,
			);
			runOnlyForDeploymentPostprocessing = 0;
		};
		90751B39189BFCC800031C9D /* Sources */ = {
			isa = PBXSourcesBuildPhase;
			buildActionMask = 2147483647;
			files = (
				90751B4B189BFCC800031C9D /* IceStarTests.m in Sources */,
			);
			runOnlyForDeploymentPostprocessing = 0;
		};
/* End PBXSourcesBuildPhase section */

/* Begin PBXTargetDependency section */
		90751B43189BFCC800031C9D /* PBXTargetDependency */ = {
			isa = PBXTargetDependency;
			target = 90751B18189BFCC700031C9D /* IceStar */;
			targetProxy = 90751B42189BFCC800031C9D /* PBXContainerItemProxy */;
		};
/* End PBXTargetDependency section */

/* Begin PBXVariantGroup section */
		90751B25189BFCC800031C9D /* InfoPlist.strings */ = {
			isa = PBXVariantGroup;
			children = (
				90751B26189BFCC800031C9D /* en */,
			);
			name = InfoPlist.strings;
			sourceTree = "<group>";
		};
		90751B2E189BFCC800031C9D /* Main.storyboard */ = {
			isa = PBXVariantGroup;
			children = (
				90751B2F189BFCC800031C9D /* Base */,
			);
			name = Main.storyboard;
			sourceTree = "<group>";
		};
		90751B47189BFCC800031C9D /* InfoPlist.strings */ = {
			isa = PBXVariantGroup;
			children = (
				90751B48189BFCC800031C9D /* en */,
			);
			name = InfoPlist.strings;
			sourceTree = "<group>";
		};
/* End PBXVariantGroup section */

/* Begin XCBuildConfiguration section */
		90751B4C189BFCC800031C9D /* Debug */ = {
			isa = XCBuildConfiguration;
			buildSettings = {
				"ADDITIONAL_SDKS[arch=*]" = "/Library/Developer/IceTouch-1.3/SDKs/ObjC/$(PLATFORM_NAME).sdk";
				ALWAYS_SEARCH_USER_PATHS = NO;
				CLANG_CXX_LANGUAGE_STANDARD = "gnu++0x";
				CLANG_CXX_LIBRARY = "libc++";
				CLANG_ENABLE_MODULES = YES;
				CLANG_ENABLE_OBJC_ARC = YES;
				CLANG_WARN_BOOL_CONVERSION = YES;
				CLANG_WARN_CONSTANT_CONVERSION = YES;
				CLANG_WARN_DIRECT_OBJC_ISA_USAGE = YES_ERROR;
				CLANG_WARN_EMPTY_BODY = YES;
				CLANG_WARN_ENUM_CONVERSION = YES;
				CLANG_WARN_INT_CONVERSION = YES;
				CLANG_WARN_OBJC_ROOT_CLASS = YES_ERROR;
				CLANG_WARN__DUPLICATE_METHOD_MATCH = YES;
				"CODE_SIGN_IDENTITY[sdk=iphoneos*]" = "iPhone Developer";
				COPY_PHASE_STRIP = NO;
				ENABLE_TESTABILITY = YES;
				GCC_C_LANGUAGE_STANDARD = gnu99;
				GCC_DYNAMIC_NO_PIC = NO;
				GCC_OPTIMIZATION_LEVEL = 0;
				GCC_PREPROCESSOR_DEFINITIONS = (
					"DEBUG=1",
					"$(inherited)",
				);
				GCC_SYMBOLS_PRIVATE_EXTERN = NO;
				GCC_WARN_64_TO_32_BIT_CONVERSION = YES;
				GCC_WARN_ABOUT_RETURN_TYPE = YES_ERROR;
				GCC_WARN_UNDECLARED_SELECTOR = YES;
				GCC_WARN_UNINITIALIZED_AUTOS = YES;
				GCC_WARN_UNUSED_FUNCTION = YES;
				GCC_WARN_UNUSED_VARIABLE = YES;
				"HEADER_SEARCH_PATHS[arch=*]" = "/Library/Developer/IceTouch-1.3/SDKs/ObjC/$(PLATFORM_NAME).sdk/usr/local/include";
				IPHONEOS_DEPLOYMENT_TARGET = 7.0;
				ONLY_ACTIVE_ARCH = YES;
				SDKROOT = iphoneos;
				TARGETED_DEVICE_FAMILY = 2;
			};
			name = Debug;
		};
		90751B4D189BFCC800031C9D /* Release */ = {
			isa = XCBuildConfiguration;
			buildSettings = {
				"ADDITIONAL_SDKS[arch=*]" = "/Library/Developer/IceTouch-1.3/SDKs/ObjC/$(PLATFORM_NAME).sdk";
				ALWAYS_SEARCH_USER_PATHS = NO;
				CLANG_CXX_LANGUAGE_STANDARD = "gnu++0x";
				CLANG_CXX_LIBRARY = "libc++";
				CLANG_ENABLE_MODULES = YES;
				CLANG_ENABLE_OBJC_ARC = YES;
				CLANG_WARN_BOOL_CONVERSION = YES;
				CLANG_WARN_CONSTANT_CONVERSION = YES;
				CLANG_WARN_DIRECT_OBJC_ISA_USAGE = YES_ERROR;
				CLANG_WARN_EMPTY_BODY = YES;
				CLANG_WARN_ENUM_CONVERSION = YES;
				CLANG_WARN_INT_CONVERSION = YES;
				CLANG_WARN_OBJC_ROOT_CLASS = YES_ERROR;
				CLANG_WARN__DUPLICATE_METHOD_MATCH = YES;
				"CODE_SIGN_IDENTITY[sdk=iphoneos*]" = "iPhone Developer";
				COPY_PHASE_STRIP = YES;
				ENABLE_NS_ASSERTIONS = NO;
				GCC_C_LANGUAGE_STANDARD = gnu99;
				GCC_WARN_64_TO_32_BIT_CONVERSION = YES;
				GCC_WARN_ABOUT_RETURN_TYPE = YES_ERROR;
				GCC_WARN_UNDECLARED_SELECTOR = YES;
				GCC_WARN_UNINITIALIZED_AUTOS = YES;
				GCC_WARN_UNUSED_FUNCTION = YES;
				GCC_WARN_UNUSED_VARIABLE = YES;
				"HEADER_SEARCH_PATHS[arch=*]" = "/Library/Developer/IceTouch-1.3/SDKs/ObjC/$(PLATFORM_NAME).sdk/usr/local/include";
				IPHONEOS_DEPLOYMENT_TARGET = 7.0;
				SDKROOT = iphoneos;
				TARGETED_DEVICE_FAMILY = 2;
				VALIDATE_PRODUCT = YES;
			};
			name = Release;
		};
		90751B4F189BFCC800031C9D /* Debug */ = {
			isa = XCBuildConfiguration;
			buildSettings = {
				"ADDITIONAL_SDKS[arch=*]" = "/Library/Developer/IceTouch-1.3/SDKs/ObjC/$(PLATFORM_NAME).sdk";
				ASSETCATALOG_COMPILER_APPICON_NAME = AppIcon;
				ASSETCATALOG_COMPILER_LAUNCHIMAGE_NAME = LaunchImage;
				GCC_PRECOMPILE_PREFIX_HEADER = YES;
				GCC_PREFIX_HEADER = "IceStar/IceStar-Prefix.pch";
				INFOPLIST_FILE = "IceStar/IceStar-Info.plist";
				PRODUCT_BUNDLE_IDENTIFIER = "ch.othello.${PRODUCT_NAME:rfc1034identifier}";
				PRODUCT_NAME = "$(TARGET_NAME)";
				SLICE_INCLUDE_DIR = "";
				SLICE_INCLUDE_PATH = IceStar;
				WRAPPER_EXTENSION = app;
			};
			name = Debug;
		};
		90751B50189BFCC800031C9D /* Release */ = {
			isa = XCBuildConfiguration;
			buildSettings = {
				"ADDITIONAL_SDKS[arch=*]" = "/Library/Developer/IceTouch-1.3/SDKs/ObjC/$(PLATFORM_NAME).sdk";
				ASSETCATALOG_COMPILER_APPICON_NAME = AppIcon;
				ASSETCATALOG_COMPILER_LAUNCHIMAGE_NAME = LaunchImage;
				GCC_PRECOMPILE_PREFIX_HEADER = YES;
				GCC_PREFIX_HEADER = "IceStar/IceStar-Prefix.pch";
				INFOPLIST_FILE = "IceStar/IceStar-Info.plist";
				PRODUCT_BUNDLE_IDENTIFIER = "ch.othello.${PRODUCT_NAME:rfc1034identifier}";
				PRODUCT_NAME = "$(TARGET_NAME)";
				SLICE_INCLUDE_DIR = "";
				SLICE_INCLUDE_PATH = IceStar;
				WRAPPER_EXTENSION = app;
			};
			name = Release;
		};
		90751B52189BFCC800031C9D /* Debug */ = {
			isa = XCBuildConfiguration;
			buildSettings = {
				BUNDLE_LOADER = "$(BUILT_PRODUCTS_DIR)/IceStar.app/IceStar";
				FRAMEWORK_SEARCH_PATHS = (
					"$(SDKROOT)/Developer/Library/Frameworks",
					"$(inherited)",
					"$(DEVELOPER_FRAMEWORKS_DIR)",
				);
				GCC_PRECOMPILE_PREFIX_HEADER = YES;
				GCC_PREFIX_HEADER = "IceStar/IceStar-Prefix.pch";
				GCC_PREPROCESSOR_DEFINITIONS = (
					"DEBUG=1",
					"$(inherited)",
				);
				INFOPLIST_FILE = "IceStarTests/IceStarTests-Info.plist";
				PRODUCT_BUNDLE_IDENTIFIER = "ch.othello.${PRODUCT_NAME:rfc1034identifier}";
				PRODUCT_NAME = "$(TARGET_NAME)";
				TEST_HOST = "$(BUNDLE_LOADER)";
				WRAPPER_EXTENSION = xctest;
			};
			name = Debug;
		};
		90751B53189BFCC800031C9D /* Release */ = {
			isa = XCBuildConfiguration;
			buildSettings = {
				BUNDLE_LOADER = "$(BUILT_PRODUCTS_DIR)/IceStar.app/IceStar";
				FRAMEWORK_SEARCH_PATHS = (
					"$(SDKROOT)/Developer/Library/Frameworks",
					"$(inherited)",
					"$(DEVELOPER_FRAMEWORKS_DIR)",
				);
				GCC_PRECOMPILE_PREFIX_HEADER = YES;
				GCC_PREFIX_HEADER = "IceStar/IceStar-Prefix.pch";
				INFOPLIST_FILE = "IceStarTests/IceStarTests-Info.plist";
				PRODUCT_BUNDLE_IDENTIFIER = "ch.othello.${PRODUCT_NAME:rfc1034identifier}";
				PRODUCT_NAME = "$(TARGET_NAME)";
				TEST_HOST = "$(BUNDLE_LOADER)";
				WRAPPER_EXTENSION = xctest;
			};
			name = Release;
		};
/* End XCBuildConfiguration section */

/* Begin XCConfigurationList section */
		90751B14189BFCC700031C9D /* Build configuration list for PBXProject "IceStar" */ = {
			isa = XCConfigurationList;
			buildConfigurations = (
				90751B4C189BFCC800031C9D /* Debug */,
				90751B4D189BFCC800031C9D /* Release */,
			);
			defaultConfigurationIsVisible = 0;
			defaultConfigurationName = Release;
		};
		90751B4E189BFCC800031C9D /* Build configuration list for PBXNativeTarget "IceStar" */ = {
			isa = XCConfigurationList;
			buildConfigurations = (
				90751B4F189BFCC800031C9D /* Debug */,
				90751B50189BFCC800031C9D /* Release */,
			);
			defaultConfigurationIsVisible = 0;
			defaultConfigurationName = Release;
		};
		90751B51189BFCC800031C9D /* Build configuration list for PBXNativeTarget "IceStarTests" */ = {
			isa = XCConfigurationList;
			buildConfigurations = (
				90751B52189BFCC800031C9D /* Debug */,
				90751B53189BFCC800031C9D /* Release */,
			);
			defaultConfigurationIsVisible = 0;
			defaultConfigurationName = Release;
		};
/* End XCConfigurationList section */
	};
	rootObject = 90751B11189BFCC700031C9D /* Project object */;
}
